
Microsoft Visual Studio Solution File, Format Version 11.00
# Visual Studio 2010
Project("{FAE04EC0-301F-11D3-BF4B-00C04F79EFBC}") = "EleWise.ELMA.Security", "EleWise.ELMA.Security.csproj", "{B3A56C2E-0465-4DFC-A972-179AA36D6F4B}"
EndProject
Global
	GlobalSection(SolutionConfigurationPlatforms) = preSolution
		Debug|Any CPU = Debug|Any CPU
		Release|Any CPU = Release|Any CPU
	EndGlobalSection
	GlobalSection(ProjectConfigurationPlatforms) = postSolution
		{B3A56C2E-0465-4DFC-A972-179AA36D6F4B}.Debug|Any CPU.ActiveCfg = Debug|Any CPU
		{B3A56C2E-0465-4DFC-A972-179AA36D6F4B}.Debug|Any CPU.Build.0 = Debug|Any CPU
		{B3A56C2E-0465-4DFC-A972-179AA36D6F4B}.Release|Any CPU.ActiveCfg = Release|Any CPU
		{B3A56C2E-0465-4DFC-A972-179AA36D6F4B}.Release|Any CPU.Build.0 = Release|Any CPU
	EndGlobalSection
	GlobalSection(SolutionProperties) = preSolution
		HideSolutionNode = FALSE
	EndGlobalSection
EndGlobal
